{
  "lockfileVersion": 1,
  "workspaces": {
    "": {
      "name": "uncivgames-dbot",
      "dependencies": {
        "@libsql/client": "^0.15.14",
        "@prisma/adapter-libsql": "^6.16.0-dev.25",
        "@prisma/client": "^6.16.0-dev.25",
        "discord-api-types": "latest",
        "mongodb-data-api": "latest",
        "tweetnacl": "latest",
        "wrangler": "latest",
        "yaml": "latest",
      },
      "devDependencies": {
        "@cloudflare/workers-types": "latest",
        "@discordjs/rest": "latest",
        "@types/bun": "latest",
        "@types/node": "latest",
        "prettier": "latest",
        "prisma": "^6.15.0",
        "typescript": "latest",
      },
    },
  },
  "packages": {
    "@cloudflare/kv-asset-handler": ["@cloudflare/kv-asset-handler@0.4.0", "", { "dependencies": { "mime": "^3.0.0" } }, "sha512-+tv3z+SPp+gqTIcImN9o0hqE9xyfQjI1XD9pL6NuKjua9B1y7mNYv0S9cP+QEbA4ppVgGZEmKOvHX5G5Ei1CVA=="],

    "@cloudflare/unenv-preset": ["@cloudflare/unenv-preset@2.7.2", "", { "peerDependencies": { "unenv": "2.0.0-rc.20", "workerd": "^1.20250828.1" }, "optionalPeers": ["workerd"] }, "sha512-JY7Uf8GhWcbOMDZX8ke2czp9f9TijvJN4CpRBs3+WYN9U7jHpj3XaV+HHm78iHkAwTm/JeBHqyQNhq/PizynRA=="],

    "@cloudflare/workerd-darwin-64": ["@cloudflare/workerd-darwin-64@1.20250902.0", "", { "os": "darwin", "cpu": "x64" }, "sha512-mwC/YEtDUGfnjXdbW5Lya+bgODrpJ5RxxqpaTjtMJycqnjR0RZgVpOqISwGfBHIhseykU3ahPugM5t91XkBKTg=="],

    "@cloudflare/workerd-darwin-arm64": ["@cloudflare/workerd-darwin-arm64@1.20250902.0", "", { "os": "darwin", "cpu": "arm64" }, "sha512-5Wr6a5/ixoXuMPOvbprN8k9HhAHDBh8f7H5V4DN/Xb4ORoGkI9AbC5QPpYV0wa3Ncf+CRSGobdmZNyO24hRccA=="],

    "@cloudflare/workerd-linux-64": ["@cloudflare/workerd-linux-64@1.20250902.0", "", { "os": "linux", "cpu": "x64" }, "sha512-1yJGt56VQBuG01nrhkRGoa1FGz7xQwJTrgewxt/MRRtigZTf84qJQiPQxyM7PQWCLREKa+JS7G8HFqvOwK7kZA=="],

    "@cloudflare/workerd-linux-arm64": ["@cloudflare/workerd-linux-arm64@1.20250902.0", "", { "os": "linux", "cpu": "arm64" }, "sha512-ArDodWzfo0BVqMQGUgaOGV5Mzf8wEMUX8TJonExpGbYavoVXVDbp2rTLFRJg1vkFGpmw1teCtSoOjSDisFZQMg=="],

    "@cloudflare/workerd-windows-64": ["@cloudflare/workerd-windows-64@1.20250902.0", "", { "os": "win32", "cpu": "x64" }, "sha512-DT/o8ZSkmze1YGI7vgVt4ST+VYGb3tNChiFnOM9Z8YOejqKqbVvATB4gi/xMSnNR9CsKFqH4hHWDDtz+wf4uZg=="],

    "@cloudflare/workers-types": ["@cloudflare/workers-types@4.20250905.0", "", {}, "sha512-K/noYRtyz+7oZCiTml2wZxpdq7D2kB8QP6DAOq4d1CYYLFZCsvKdEZdVVC3pj2MCmAdG7wDzhf2h7POA5Uw5ig=="],

    "@cspotcode/source-map-support": ["@cspotcode/source-map-support@0.8.1", "", { "dependencies": { "@jridgewell/trace-mapping": "0.3.9" } }, "sha512-IchNf6dN4tHoMFIn/7OE8LWZ19Y6q/67Bmf6vnGREv8RSbBVb9LPJxEcnwrcwX6ixSvaiGoomAUvu4YSxXrVgw=="],

    "@discordjs/collection": ["@discordjs/collection@2.1.1", "", {}, "sha512-LiSusze9Tc7qF03sLCujF5iZp7K+vRNEDBZ86FT9aQAv3vxMLihUvKvpsCWiQ2DJq1tVckopKm1rxomgNUc9hg=="],

    "@discordjs/rest": ["@discordjs/rest@2.6.0", "", { "dependencies": { "@discordjs/collection": "^2.1.1", "@discordjs/util": "^1.1.1", "@sapphire/async-queue": "^1.5.3", "@sapphire/snowflake": "^3.5.3", "@vladfrangu/async_event_emitter": "^2.4.6", "discord-api-types": "^0.38.16", "magic-bytes.js": "^1.10.0", "tslib": "^2.6.3", "undici": "6.21.3" } }, "sha512-RDYrhmpB7mTvmCKcpj+pc5k7POKszS4E2O9TYc+U+Y4iaCP+r910QdO43qmpOja8LRr1RJ0b3U+CqVsnPqzf4w=="],

    "@discordjs/util": ["@discordjs/util@1.1.1", "", {}, "sha512-eddz6UnOBEB1oITPinyrB2Pttej49M9FZQY8NxgEvc3tq6ZICZ19m70RsmzRdDHk80O9NoYN/25AqJl8vPVf/g=="],

    "@emnapi/runtime": ["@emnapi/runtime@1.5.0", "", { "dependencies": { "tslib": "^2.4.0" } }, "sha512-97/BJ3iXHww3djw6hYIfErCZFee7qCtrneuLa20UXFCOTCfBM2cvQHjWJ2EG0s0MtdNwInarqCTz35i4wWXHsQ=="],

    "@esbuild/aix-ppc64": ["@esbuild/aix-ppc64@0.25.4", "", { "os": "aix", "cpu": "ppc64" }, "sha512-1VCICWypeQKhVbE9oW/sJaAmjLxhVqacdkvPLEjwlttjfwENRSClS8EjBz0KzRyFSCPDIkuXW34Je/vk7zdB7Q=="],

    "@esbuild/android-arm": ["@esbuild/android-arm@0.25.4", "", { "os": "android", "cpu": "arm" }, "sha512-QNdQEps7DfFwE3hXiU4BZeOV68HHzYwGd0Nthhd3uCkkEKK7/R6MTgM0P7H7FAs5pU/DIWsviMmEGxEoxIZ+ZQ=="],

    "@esbuild/android-arm64": ["@esbuild/android-arm64@0.25.4", "", { "os": "android", "cpu": "arm64" }, "sha512-bBy69pgfhMGtCnwpC/x5QhfxAz/cBgQ9enbtwjf6V9lnPI/hMyT9iWpR1arm0l3kttTr4L0KSLpKmLp/ilKS9A=="],

    "@esbuild/android-x64": ["@esbuild/android-x64@0.25.4", "", { "os": "android", "cpu": "x64" }, "sha512-TVhdVtQIFuVpIIR282btcGC2oGQoSfZfmBdTip2anCaVYcqWlZXGcdcKIUklfX2wj0JklNYgz39OBqh2cqXvcQ=="],

    "@esbuild/darwin-arm64": ["@esbuild/darwin-arm64@0.25.4", "", { "os": "darwin", "cpu": "arm64" }, "sha512-Y1giCfM4nlHDWEfSckMzeWNdQS31BQGs9/rouw6Ub91tkK79aIMTH3q9xHvzH8d0wDru5Ci0kWB8b3up/nl16g=="],

    "@esbuild/darwin-x64": ["@esbuild/darwin-x64@0.25.4", "", { "os": "darwin", "cpu": "x64" }, "sha512-CJsry8ZGM5VFVeyUYB3cdKpd/H69PYez4eJh1W/t38vzutdjEjtP7hB6eLKBoOdxcAlCtEYHzQ/PJ/oU9I4u0A=="],

    "@esbuild/freebsd-arm64": ["@esbuild/freebsd-arm64@0.25.4", "", { "os": "freebsd", "cpu": "arm64" }, "sha512-yYq+39NlTRzU2XmoPW4l5Ifpl9fqSk0nAJYM/V/WUGPEFfek1epLHJIkTQM6bBs1swApjO5nWgvr843g6TjxuQ=="],

    "@esbuild/freebsd-x64": ["@esbuild/freebsd-x64@0.25.4", "", { "os": "freebsd", "cpu": "x64" }, "sha512-0FgvOJ6UUMflsHSPLzdfDnnBBVoCDtBTVyn/MrWloUNvq/5SFmh13l3dvgRPkDihRxb77Y17MbqbCAa2strMQQ=="],

    "@esbuild/linux-arm": ["@esbuild/linux-arm@0.25.4", "", { "os": "linux", "cpu": "arm" }, "sha512-kro4c0P85GMfFYqW4TWOpvmF8rFShbWGnrLqlzp4X1TNWjRY3JMYUfDCtOxPKOIY8B0WC8HN51hGP4I4hz4AaQ=="],

    "@esbuild/linux-arm64": ["@esbuild/linux-arm64@0.25.4", "", { "os": "linux", "cpu": "arm64" }, "sha512-+89UsQTfXdmjIvZS6nUnOOLoXnkUTB9hR5QAeLrQdzOSWZvNSAXAtcRDHWtqAUtAmv7ZM1WPOOeSxDzzzMogiQ=="],

    "@esbuild/linux-ia32": ["@esbuild/linux-ia32@0.25.4", "", { "os": "linux", "cpu": "ia32" }, "sha512-yTEjoapy8UP3rv8dB0ip3AfMpRbyhSN3+hY8mo/i4QXFeDxmiYbEKp3ZRjBKcOP862Ua4b1PDfwlvbuwY7hIGQ=="],

    "@esbuild/linux-loong64": ["@esbuild/linux-loong64@0.25.4", "", { "os": "linux", "cpu": "none" }, "sha512-NeqqYkrcGzFwi6CGRGNMOjWGGSYOpqwCjS9fvaUlX5s3zwOtn1qwg1s2iE2svBe4Q/YOG1q6875lcAoQK/F4VA=="],

    "@esbuild/linux-mips64el": ["@esbuild/linux-mips64el@0.25.4", "", { "os": "linux", "cpu": "none" }, "sha512-IcvTlF9dtLrfL/M8WgNI/qJYBENP3ekgsHbYUIzEzq5XJzzVEV/fXY9WFPfEEXmu3ck2qJP8LG/p3Q8f7Zc2Xg=="],

    "@esbuild/linux-ppc64": ["@esbuild/linux-ppc64@0.25.4", "", { "os": "linux", "cpu": "ppc64" }, "sha512-HOy0aLTJTVtoTeGZh4HSXaO6M95qu4k5lJcH4gxv56iaycfz1S8GO/5Jh6X4Y1YiI0h7cRyLi+HixMR+88swag=="],

    "@esbuild/linux-riscv64": ["@esbuild/linux-riscv64@0.25.4", "", { "os": "linux", "cpu": "none" }, "sha512-i8JUDAufpz9jOzo4yIShCTcXzS07vEgWzyX3NH2G7LEFVgrLEhjwL3ajFE4fZI3I4ZgiM7JH3GQ7ReObROvSUA=="],

    "@esbuild/linux-s390x": ["@esbuild/linux-s390x@0.25.4", "", { "os": "linux", "cpu": "s390x" }, "sha512-jFnu+6UbLlzIjPQpWCNh5QtrcNfMLjgIavnwPQAfoGx4q17ocOU9MsQ2QVvFxwQoWpZT8DvTLooTvmOQXkO51g=="],

    "@esbuild/linux-x64": ["@esbuild/linux-x64@0.25.4", "", { "os": "linux", "cpu": "x64" }, "sha512-6e0cvXwzOnVWJHq+mskP8DNSrKBr1bULBvnFLpc1KY+d+irZSgZ02TGse5FsafKS5jg2e4pbvK6TPXaF/A6+CA=="],

    "@esbuild/netbsd-arm64": ["@esbuild/netbsd-arm64@0.25.4", "", { "os": "none", "cpu": "arm64" }, "sha512-vUnkBYxZW4hL/ie91hSqaSNjulOnYXE1VSLusnvHg2u3jewJBz3YzB9+oCw8DABeVqZGg94t9tyZFoHma8gWZQ=="],

    "@esbuild/netbsd-x64": ["@esbuild/netbsd-x64@0.25.4", "", { "os": "none", "cpu": "x64" }, "sha512-XAg8pIQn5CzhOB8odIcAm42QsOfa98SBeKUdo4xa8OvX8LbMZqEtgeWE9P/Wxt7MlG2QqvjGths+nq48TrUiKw=="],

    "@esbuild/openbsd-arm64": ["@esbuild/openbsd-arm64@0.25.4", "", { "os": "openbsd", "cpu": "arm64" }, "sha512-Ct2WcFEANlFDtp1nVAXSNBPDxyU+j7+tId//iHXU2f/lN5AmO4zLyhDcpR5Cz1r08mVxzt3Jpyt4PmXQ1O6+7A=="],

    "@esbuild/openbsd-x64": ["@esbuild/openbsd-x64@0.25.4", "", { "os": "openbsd", "cpu": "x64" }, "sha512-xAGGhyOQ9Otm1Xu8NT1ifGLnA6M3sJxZ6ixylb+vIUVzvvd6GOALpwQrYrtlPouMqd/vSbgehz6HaVk4+7Afhw=="],

    "@esbuild/sunos-x64": ["@esbuild/sunos-x64@0.25.4", "", { "os": "sunos", "cpu": "x64" }, "sha512-Mw+tzy4pp6wZEK0+Lwr76pWLjrtjmJyUB23tHKqEDP74R3q95luY/bXqXZeYl4NYlvwOqoRKlInQialgCKy67Q=="],

    "@esbuild/win32-arm64": ["@esbuild/win32-arm64@0.25.4", "", { "os": "win32", "cpu": "arm64" }, "sha512-AVUP428VQTSddguz9dO9ngb+E5aScyg7nOeJDrF1HPYu555gmza3bDGMPhmVXL8svDSoqPCsCPjb265yG/kLKQ=="],

    "@esbuild/win32-ia32": ["@esbuild/win32-ia32@0.25.4", "", { "os": "win32", "cpu": "ia32" }, "sha512-i1sW+1i+oWvQzSgfRcxxG2k4I9n3O9NRqy8U+uugaT2Dy7kLO9Y7wI72haOahxceMX8hZAzgGou1FhndRldxRg=="],

    "@esbuild/win32-x64": ["@esbuild/win32-x64@0.25.4", "", { "os": "win32", "cpu": "x64" }, "sha512-nOT2vZNw6hJ+z43oP1SPea/G/6AbN6X+bGNhNuq8NtRHy4wsMhw765IKLNmnjek7GvjWBYQ8Q5VBoYTFg9y1UQ=="],

    "@img/sharp-darwin-arm64": ["@img/sharp-darwin-arm64@0.33.5", "", { "optionalDependencies": { "@img/sharp-libvips-darwin-arm64": "1.0.4" }, "os": "darwin", "cpu": "arm64" }, "sha512-UT4p+iz/2H4twwAoLCqfA9UH5pI6DggwKEGuaPy7nCVQ8ZsiY5PIcrRvD1DzuY3qYL07NtIQcWnBSY/heikIFQ=="],

    "@img/sharp-darwin-x64": ["@img/sharp-darwin-x64@0.33.5", "", { "optionalDependencies": { "@img/sharp-libvips-darwin-x64": "1.0.4" }, "os": "darwin", "cpu": "x64" }, "sha512-fyHac4jIc1ANYGRDxtiqelIbdWkIuQaI84Mv45KvGRRxSAa7o7d1ZKAOBaYbnepLC1WqxfpimdeWfvqqSGwR2Q=="],

    "@img/sharp-libvips-darwin-arm64": ["@img/sharp-libvips-darwin-arm64@1.0.4", "", { "os": "darwin", "cpu": "arm64" }, "sha512-XblONe153h0O2zuFfTAbQYAX2JhYmDHeWikp1LM9Hul9gVPjFY427k6dFEcOL72O01QxQsWi761svJ/ev9xEDg=="],

    "@img/sharp-libvips-darwin-x64": ["@img/sharp-libvips-darwin-x64@1.0.4", "", { "os": "darwin", "cpu": "x64" }, "sha512-xnGR8YuZYfJGmWPvmlunFaWJsb9T/AO2ykoP3Fz/0X5XV2aoYBPkX6xqCQvUTKKiLddarLaxpzNe+b1hjeWHAQ=="],

    "@img/sharp-libvips-linux-arm": ["@img/sharp-libvips-linux-arm@1.0.5", "", { "os": "linux", "cpu": "arm" }, "sha512-gvcC4ACAOPRNATg/ov8/MnbxFDJqf/pDePbBnuBDcjsI8PssmjoKMAz4LtLaVi+OnSb5FK/yIOamqDwGmXW32g=="],

    "@img/sharp-libvips-linux-arm64": ["@img/sharp-libvips-linux-arm64@1.0.4", "", { "os": "linux", "cpu": "arm64" }, "sha512-9B+taZ8DlyyqzZQnoeIvDVR/2F4EbMepXMc/NdVbkzsJbzkUjhXv/70GQJ7tdLA4YJgNP25zukcxpX2/SueNrA=="],

    "@img/sharp-libvips-linux-s390x": ["@img/sharp-libvips-linux-s390x@1.0.4", "", { "os": "linux", "cpu": "s390x" }, "sha512-u7Wz6ntiSSgGSGcjZ55im6uvTrOxSIS8/dgoVMoiGE9I6JAfU50yH5BoDlYA1tcuGS7g/QNtetJnxA6QEsCVTA=="],

    "@img/sharp-libvips-linux-x64": ["@img/sharp-libvips-linux-x64@1.0.4", "", { "os": "linux", "cpu": "x64" }, "sha512-MmWmQ3iPFZr0Iev+BAgVMb3ZyC4KeFc3jFxnNbEPas60e1cIfevbtuyf9nDGIzOaW9PdnDciJm+wFFaTlj5xYw=="],

    "@img/sharp-libvips-linuxmusl-arm64": ["@img/sharp-libvips-linuxmusl-arm64@1.0.4", "", { "os": "linux", "cpu": "arm64" }, "sha512-9Ti+BbTYDcsbp4wfYib8Ctm1ilkugkA/uscUn6UXK1ldpC1JjiXbLfFZtRlBhjPZ5o1NCLiDbg8fhUPKStHoTA=="],

    "@img/sharp-libvips-linuxmusl-x64": ["@img/sharp-libvips-linuxmusl-x64@1.0.4", "", { "os": "linux", "cpu": "x64" }, "sha512-viYN1KX9m+/hGkJtvYYp+CCLgnJXwiQB39damAO7WMdKWlIhmYTfHjwSbQeUK/20vY154mwezd9HflVFM1wVSw=="],

    "@img/sharp-linux-arm": ["@img/sharp-linux-arm@0.33.5", "", { "optionalDependencies": { "@img/sharp-libvips-linux-arm": "1.0.5" }, "os": "linux", "cpu": "arm" }, "sha512-JTS1eldqZbJxjvKaAkxhZmBqPRGmxgu+qFKSInv8moZ2AmT5Yib3EQ1c6gp493HvrvV8QgdOXdyaIBrhvFhBMQ=="],

    "@img/sharp-linux-arm64": ["@img/sharp-linux-arm64@0.33.5", "", { "optionalDependencies": { "@img/sharp-libvips-linux-arm64": "1.0.4" }, "os": "linux", "cpu": "arm64" }, "sha512-JMVv+AMRyGOHtO1RFBiJy/MBsgz0x4AWrT6QoEVVTyh1E39TrCUpTRI7mx9VksGX4awWASxqCYLCV4wBZHAYxA=="],

    "@img/sharp-linux-s390x": ["@img/sharp-linux-s390x@0.33.5", "", { "optionalDependencies": { "@img/sharp-libvips-linux-s390x": "1.0.4" }, "os": "linux", "cpu": "s390x" }, "sha512-y/5PCd+mP4CA/sPDKl2961b+C9d+vPAveS33s6Z3zfASk2j5upL6fXVPZi7ztePZ5CuH+1kW8JtvxgbuXHRa4Q=="],

    "@img/sharp-linux-x64": ["@img/sharp-linux-x64@0.33.5", "", { "optionalDependencies": { "@img/sharp-libvips-linux-x64": "1.0.4" }, "os": "linux", "cpu": "x64" }, "sha512-opC+Ok5pRNAzuvq1AG0ar+1owsu842/Ab+4qvU879ippJBHvyY5n2mxF1izXqkPYlGuP/M556uh53jRLJmzTWA=="],

    "@img/sharp-linuxmusl-arm64": ["@img/sharp-linuxmusl-arm64@0.33.5", "", { "optionalDependencies": { "@img/sharp-libvips-linuxmusl-arm64": "1.0.4" }, "os": "linux", "cpu": "arm64" }, "sha512-XrHMZwGQGvJg2V/oRSUfSAfjfPxO+4DkiRh6p2AFjLQztWUuY/o8Mq0eMQVIY7HJ1CDQUJlxGGZRw1a5bqmd1g=="],

    "@img/sharp-linuxmusl-x64": ["@img/sharp-linuxmusl-x64@0.33.5", "", { "optionalDependencies": { "@img/sharp-libvips-linuxmusl-x64": "1.0.4" }, "os": "linux", "cpu": "x64" }, "sha512-WT+d/cgqKkkKySYmqoZ8y3pxx7lx9vVejxW/W4DOFMYVSkErR+w7mf2u8m/y4+xHe7yY9DAXQMWQhpnMuFfScw=="],

    "@img/sharp-wasm32": ["@img/sharp-wasm32@0.33.5", "", { "dependencies": { "@emnapi/runtime": "^1.2.0" }, "cpu": "none" }, "sha512-ykUW4LVGaMcU9lu9thv85CbRMAwfeadCJHRsg2GmeRa/cJxsVY9Rbd57JcMxBkKHag5U/x7TSBpScF4U8ElVzg=="],

    "@img/sharp-win32-ia32": ["@img/sharp-win32-ia32@0.33.5", "", { "os": "win32", "cpu": "ia32" }, "sha512-T36PblLaTwuVJ/zw/LaH0PdZkRz5rd3SmMHX8GSmR7vtNSP5Z6bQkExdSK7xGWyxLw4sUknBuugTelgw2faBbQ=="],

    "@img/sharp-win32-x64": ["@img/sharp-win32-x64@0.33.5", "", { "os": "win32", "cpu": "x64" }, "sha512-MpY/o8/8kj+EcnxwvrP4aTJSWw/aZ7JIGR4aBeZkZw5B7/Jn+tY9/VNwtcoGmdT7GfggGIU4kygOMSbYnOrAbg=="],

    "@jridgewell/resolve-uri": ["@jridgewell/resolve-uri@3.1.2", "", {}, "sha512-bRISgCIjP20/tbWSPWMEi54QVPRZExkuD9lJL+UIxUKtwVJA8wW1Trb1jMs1RFXo1CBTNZ/5hpC9QvmKWdopKw=="],

    "@jridgewell/sourcemap-codec": ["@jridgewell/sourcemap-codec@1.5.5", "", {}, "sha512-cYQ9310grqxueWbl+WuIUIaiUaDcj7WOq5fVhEljNVgRfOUhY9fy2zTvfoqWsnebh8Sl70VScFbICvJnLKB0Og=="],

    "@jridgewell/trace-mapping": ["@jridgewell/trace-mapping@0.3.9", "", { "dependencies": { "@jridgewell/resolve-uri": "^3.0.3", "@jridgewell/sourcemap-codec": "^1.4.10" } }, "sha512-3Belt6tdc8bPgAtbcmdtNJlirVoTmEb5e2gC94PnkwEW9jI6CAHUeoG85tjWP5WquqfavoMtMwiG4P926ZKKuQ=="],

    "@libsql/client": ["@libsql/client@0.15.14", "", { "dependencies": { "@libsql/core": "^0.15.14", "@libsql/hrana-client": "^0.7.0", "js-base64": "^3.7.5", "libsql": "^0.5.20", "promise-limit": "^2.7.0" } }, "sha512-oXeFYcSyAsYWvpWVmynrwNwb+NHNHtMfSIVdfQTF1B9RsgDXQE5YCDP3SS0i1FA8nuLWy2trFDVwP1b2LNdNPQ=="],

    "@libsql/core": ["@libsql/core@0.15.14", "", { "dependencies": { "js-base64": "^3.7.5" } }, "sha512-b2eVQma78Ss+edIIFi7LnhhyUy5hAJjYvrSAD5RFdO/YKP2rEvNAT1pIn2Li7NrqcsMmoEQWlpUWH4fWMdXtpQ=="],

    "@libsql/darwin-arm64": ["@libsql/darwin-arm64@0.5.22", "", { "os": "darwin", "cpu": "arm64" }, "sha512-4B8ZlX3nIDPndfct7GNe0nI3Yw6ibocEicWdC4fvQbSs/jdq/RC2oCsoJxJ4NzXkvktX70C1J4FcmmoBy069UA=="],

    "@libsql/darwin-x64": ["@libsql/darwin-x64@0.5.22", "", { "os": "darwin", "cpu": "x64" }, "sha512-ny2HYWt6lFSIdNFzUFIJ04uiW6finXfMNJ7wypkAD8Pqdm6nAByO+Fdqu8t7sD0sqJGeUCiOg480icjyQ2/8VA=="],

    "@libsql/hrana-client": ["@libsql/hrana-client@0.7.0", "", { "dependencies": { "@libsql/isomorphic-fetch": "^0.3.1", "@libsql/isomorphic-ws": "^0.1.5", "js-base64": "^3.7.5", "node-fetch": "^3.3.2" } }, "sha512-OF8fFQSkbL7vJY9rfuegK1R7sPgQ6kFMkDamiEccNUvieQ+3urzfDFI616oPl8V7T9zRmnTkSjMOImYCAVRVuw=="],

    "@libsql/isomorphic-fetch": ["@libsql/isomorphic-fetch@0.3.1", "", {}, "sha512-6kK3SUK5Uu56zPq/Las620n5aS9xJq+jMBcNSOmjhNf/MUvdyji4vrMTqD7ptY7/4/CAVEAYDeotUz60LNQHtw=="],

    "@libsql/isomorphic-ws": ["@libsql/isomorphic-ws@0.1.5", "", { "dependencies": { "@types/ws": "^8.5.4", "ws": "^8.13.0" } }, "sha512-DtLWIH29onUYR00i0GlQ3UdcTRC6EP4u9w/h9LxpUZJWRMARk6dQwZ6Jkd+QdwVpuAOrdxt18v0K2uIYR3fwFg=="],

    "@libsql/linux-arm-gnueabihf": ["@libsql/linux-arm-gnueabihf@0.5.22", "", { "os": "linux", "cpu": "arm" }, "sha512-3Uo3SoDPJe/zBnyZKosziRGtszXaEtv57raWrZIahtQDsjxBVjuzYQinCm9LRCJCUT5t2r5Z5nLDPJi2CwZVoA=="],

    "@libsql/linux-arm-musleabihf": ["@libsql/linux-arm-musleabihf@0.5.22", "", { "os": "linux", "cpu": "arm" }, "sha512-LCsXh07jvSojTNJptT9CowOzwITznD+YFGGW+1XxUr7fS+7/ydUrpDfsMX7UqTqjm7xG17eq86VkWJgHJfvpNg=="],

    "@libsql/linux-arm64-gnu": ["@libsql/linux-arm64-gnu@0.5.22", "", { "os": "linux", "cpu": "arm64" }, "sha512-KSdnOMy88c9mpOFKUEzPskSaF3VLflfSUCBwas/pn1/sV3pEhtMF6H8VUCd2rsedwoukeeCSEONqX7LLnQwRMA=="],

    "@libsql/linux-arm64-musl": ["@libsql/linux-arm64-musl@0.5.22", "", { "os": "linux", "cpu": "arm64" }, "sha512-mCHSMAsDTLK5YH//lcV3eFEgiR23Ym0U9oEvgZA0667gqRZg/2px+7LshDvErEKv2XZ8ixzw3p1IrBzLQHGSsw=="],

    "@libsql/linux-x64-gnu": ["@libsql/linux-x64-gnu@0.5.22", "", { "os": "linux", "cpu": "x64" }, "sha512-kNBHaIkSg78Y4BqAdgjcR2mBilZXs4HYkAmi58J+4GRwDQZh5fIUWbnQvB9f95DkWUIGVeenqLRFY2pcTmlsew=="],

    "@libsql/linux-x64-musl": ["@libsql/linux-x64-musl@0.5.22", "", { "os": "linux", "cpu": "x64" }, "sha512-UZ4Xdxm4pu3pQXjvfJiyCzZop/9j/eA2JjmhMaAhe3EVLH2g11Fy4fwyUp9sT1QJYR1kpc2JLuybPM0kuXv/Tg=="],

    "@libsql/win32-x64-msvc": ["@libsql/win32-x64-msvc@0.5.22", "", { "os": "win32", "cpu": "x64" }, "sha512-Fj0j8RnBpo43tVZUVoNK6BV/9AtDUM5S7DF3LB4qTYg1LMSZqi3yeCneUTLJD6XomQJlZzbI4mst89yspVSAnA=="],

    "@neon-rs/load": ["@neon-rs/load@0.0.4", "", {}, "sha512-kTPhdZyTQxB+2wpiRcFWrDcejc4JI6tkPuS7UZCG4l6Zvc5kU/gGQ/ozvHTh1XR5tS+UlfAfGuPajjzQjCiHCw=="],

    "@poppinss/colors": ["@poppinss/colors@4.1.5", "", { "dependencies": { "kleur": "^4.1.5" } }, "sha512-FvdDqtcRCtz6hThExcFOgW0cWX+xwSMWcRuQe5ZEb2m7cVQOAVZOIMt+/v9RxGiD9/OY16qJBXK4CVKWAPalBw=="],

    "@poppinss/dumper": ["@poppinss/dumper@0.6.4", "", { "dependencies": { "@poppinss/colors": "^4.1.5", "@sindresorhus/is": "^7.0.2", "supports-color": "^10.0.0" } }, "sha512-iG0TIdqv8xJ3Lt9O8DrPRxw1MRLjNpoqiSGU03P/wNLP/s0ra0udPJ1J2Tx5M0J3H/cVyEgpbn8xUKRY9j59kQ=="],

    "@poppinss/exception": ["@poppinss/exception@1.2.2", "", {}, "sha512-m7bpKCD4QMlFCjA/nKTs23fuvoVFoA83brRKmObCUNmi/9tVu8Ve3w4YQAnJu4q3Tjf5fr685HYIC/IA2zHRSg=="],

    "@prisma/adapter-libsql": ["@prisma/adapter-libsql@6.16.0-dev.25", "", { "dependencies": { "@libsql/client": "^0.3.5 || ^0.4.0 || ^0.5.0 || ^0.6.0 || ^0.7.0 || ^0.8.0", "@prisma/driver-adapter-utils": "6.16.0-dev.25", "async-mutex": "0.5.0" } }, "sha512-Xe0LWjaWxFuSoPCQ9jtAQKOPvUekraAlsZ2eu3gpY01VmCgl3XryUKiA5EpLyGtLO8ePLlrNs3ntw0HtwUjUyg=="],

    "@prisma/client": ["@prisma/client@6.16.0-dev.25", "", { "peerDependencies": { "prisma": "*", "typescript": ">=5.1.0" }, "optionalPeers": ["prisma", "typescript"] }, "sha512-v3r4rx7QyBGyrQB2b+z3w3kXqid7D81uuzKFFgHBAO53ByzZngMfAdEB1pBxXOeNFPIgO6CG6XM6FDCVhHK9OA=="],

    "@prisma/config": ["@prisma/config@6.15.0", "", { "dependencies": { "c12": "3.1.0", "deepmerge-ts": "7.1.5", "effect": "3.16.12", "empathic": "2.0.0" } }, "sha512-KMEoec9b2u6zX0EbSEx/dRpx1oNLjqJEBZYyK0S3TTIbZ7GEGoVyGyFRk4C72+A38cuPLbfQGQvgOD+gBErKlA=="],

    "@prisma/debug": ["@prisma/debug@6.15.0", "", {}, "sha512-y7cSeLuQmyt+A3hstAs6tsuAiVXSnw9T55ra77z0nbNkA8Lcq9rNcQg6PI00by/+WnE/aMRJ/W7sZWn2cgIy1g=="],

    "@prisma/driver-adapter-utils": ["@prisma/driver-adapter-utils@6.16.0-dev.25", "", { "dependencies": { "@prisma/debug": "6.16.0-dev.25" } }, "sha512-i1Hp688egI2lp4bQTIgpEO3cwmUryPKJ/wn15Bkowc0V5MrXg7C0/rkCrXxuSXnF/sB3l+zpNzaQwtjzeX6bhA=="],

    "@prisma/engines": ["@prisma/engines@6.15.0", "", { "dependencies": { "@prisma/debug": "6.15.0", "@prisma/engines-version": "6.15.0-5.85179d7826409ee107a6ba334b5e305ae3fba9fb", "@prisma/fetch-engine": "6.15.0", "@prisma/get-platform": "6.15.0" } }, "sha512-opITiR5ddFJ1N2iqa7mkRlohCZqVSsHhRcc29QXeldMljOf4FSellLT0J5goVb64EzRTKcIDeIsJBgmilNcKxA=="],

    "@prisma/engines-version": ["@prisma/engines-version@6.15.0-5.85179d7826409ee107a6ba334b5e305ae3fba9fb", "", {}, "sha512-a/46aK5j6L3ePwilZYEgYDPrhBQ/n4gYjLxT5YncUTJJNRnTCVjPF86QdzUOLRdYjCLfhtZp9aum90W0J+trrg=="],

    "@prisma/fetch-engine": ["@prisma/fetch-engine@6.15.0", "", { "dependencies": { "@prisma/debug": "6.15.0", "@prisma/engines-version": "6.15.0-5.85179d7826409ee107a6ba334b5e305ae3fba9fb", "@prisma/get-platform": "6.15.0" } }, "sha512-xcT5f6b+OWBq6vTUnRCc7qL+Im570CtwvgSj+0MTSGA1o9UDSKZ/WANvwtiRXdbYWECpyC3CukoG3A04VTAPHw=="],

    "@prisma/get-platform": ["@prisma/get-platform@6.15.0", "", { "dependencies": { "@prisma/debug": "6.15.0" } }, "sha512-Jbb+Xbxyp05NSR1x2epabetHiXvpO8tdN2YNoWoA/ZsbYyxxu/CO/ROBauIFuMXs3Ti+W7N7SJtWsHGaWte9Rg=="],

    "@sapphire/async-queue": ["@sapphire/async-queue@1.5.5", "", {}, "sha512-cvGzxbba6sav2zZkH8GPf2oGk9yYoD5qrNWdu9fRehifgnFZJMV+nuy2nON2roRO4yQQ+v7MK/Pktl/HgfsUXg=="],

    "@sapphire/snowflake": ["@sapphire/snowflake@3.5.5", "", {}, "sha512-xzvBr1Q1c4lCe7i6sRnrofxeO1QTP/LKQ6A6qy0iB4x5yfiSfARMEQEghojzTNALDTcv8En04qYNIco9/K9eZQ=="],

    "@sindresorhus/is": ["@sindresorhus/is@7.0.2", "", {}, "sha512-d9xRovfKNz1SKieM0qJdO+PQonjnnIfSNWfHYnBSJ9hkjm0ZPw6HlxscDXYstp3z+7V2GOFHc+J0CYrYTjqCJw=="],

    "@speed-highlight/core": ["@speed-highlight/core@1.2.7", "", {}, "sha512-0dxmVj4gxg3Jg879kvFS/msl4s9F3T9UXC1InxgOf7t5NvcPD97u/WTA5vL/IxWHMn7qSxBozqrnnE2wvl1m8g=="],

    "@standard-schema/spec": ["@standard-schema/spec@1.0.0", "", {}, "sha512-m2bOd0f2RT9k8QJx1JN85cZYyH1RqFBdlwtkSlf4tBDYLCiiZnv1fIIwacK6cqwXavOydf0NPToMQgpKq+dVlA=="],

    "@types/bun": ["@types/bun@1.2.21", "", { "dependencies": { "bun-types": "1.2.21" } }, "sha512-NiDnvEqmbfQ6dmZ3EeUO577s4P5bf4HCTXtI6trMc6f6RzirY5IrF3aIookuSpyslFzrnvv2lmEWv5HyC1X79A=="],

    "@types/node": ["@types/node@24.3.1", "", { "dependencies": { "undici-types": "~7.10.0" } }, "sha512-3vXmQDXy+woz+gnrTvuvNrPzekOi+Ds0ReMxw0LzBiK3a+1k0kQn9f2NWk+lgD4rJehFUmYy2gMhJ2ZI+7YP9g=="],

    "@types/react": ["@types/react@19.1.12", "", { "dependencies": { "csstype": "^3.0.2" } }, "sha512-cMoR+FoAf/Jyq6+Df2/Z41jISvGZZ2eTlnsaJRptmZ76Caldwy1odD4xTr/gNV9VLj0AWgg/nmkevIyUfIIq5w=="],

    "@types/ws": ["@types/ws@8.18.1", "", { "dependencies": { "@types/node": "*" } }, "sha512-ThVF6DCVhA8kUGy+aazFQ4kXQ7E1Ty7A3ypFOe0IcJV8O/M511G99AW24irKrW56Wt44yG9+ij8FaqoBGkuBXg=="],

    "@vladfrangu/async_event_emitter": ["@vladfrangu/async_event_emitter@2.4.6", "", {}, "sha512-RaI5qZo6D2CVS6sTHFKg1v5Ohq/+Bo2LZ5gzUEwZ/WkHhwtGTCB/sVLw8ijOkAUxasZ+WshN/Rzj4ywsABJ5ZA=="],

    "acorn": ["acorn@8.14.0", "", { "bin": { "acorn": "bin/acorn" } }, "sha512-cl669nCJTZBsL97OF4kUQm5g5hC2uihk0NxY3WENAC0TYdILVkAyHymAntgxGkl7K+t0cXIrH5siy5S4XkFycA=="],

    "acorn-walk": ["acorn-walk@8.3.2", "", {}, "sha512-cjkyv4OtNCIeqhHrfS81QWXoCBPExR/J62oyEqepVw8WaQeSqpW2uhuLPh1m9eWhDuOo/jUXVTlifvesOWp/4A=="],

    "async-mutex": ["async-mutex@0.5.0", "", { "dependencies": { "tslib": "^2.4.0" } }, "sha512-1A94B18jkJ3DYq284ohPxoXbfTA5HsQ7/Mf4DEhcyLx3Bz27Rh59iScbB6EPiP+B+joue6YCxcMXSbFC1tZKwA=="],

    "blake3-wasm": ["blake3-wasm@2.1.5", "", {}, "sha512-F1+K8EbfOZE49dtoPtmxUQrpXaBIl3ICvasLh+nJta0xkz+9kF/7uet9fLnwKqhDrmj6g+6K3Tw9yQPUg2ka5g=="],

    "bun-types": ["bun-types@1.2.21", "", { "dependencies": { "@types/node": "*" }, "peerDependencies": { "@types/react": "^19" } }, "sha512-sa2Tj77Ijc/NTLS0/Odjq/qngmEPZfbfnOERi0KRUYhT9R8M4VBioWVmMWE5GrYbKMc+5lVybXygLdibHaqVqw=="],

    "c12": ["c12@3.1.0", "", { "dependencies": { "chokidar": "^4.0.3", "confbox": "^0.2.2", "defu": "^6.1.4", "dotenv": "^16.6.1", "exsolve": "^1.0.7", "giget": "^2.0.0", "jiti": "^2.4.2", "ohash": "^2.0.11", "pathe": "^2.0.3", "perfect-debounce": "^1.0.0", "pkg-types": "^2.2.0", "rc9": "^2.1.2" }, "peerDependencies": { "magicast": "^0.3.5" }, "optionalPeers": ["magicast"] }, "sha512-uWoS8OU1MEIsOv8p/5a82c3H31LsWVR5qiyXVfBNOzfffjUWtPnhAb4BYI2uG2HfGmZmFjCtui5XNWaps+iFuw=="],

    "chokidar": ["chokidar@4.0.3", "", { "dependencies": { "readdirp": "^4.0.1" } }, "sha512-Qgzu8kfBvo+cA4962jnP1KkS6Dop5NS6g7R5LFYJr4b8Ub94PPQXUksCw9PvXoeXPRRddRNC5C1JQUR2SMGtnA=="],

    "citty": ["citty@0.1.6", "", { "dependencies": { "consola": "^3.2.3" } }, "sha512-tskPPKEs8D2KPafUypv2gxwJP8h/OaJmC82QQGGDQcHvXX43xF2VDACcJVmZ0EuSxkpO9Kc4MlrA3q0+FG58AQ=="],

    "color": ["color@4.2.3", "", { "dependencies": { "color-convert": "^2.0.1", "color-string": "^1.9.0" } }, "sha512-1rXeuUUiGGrykh+CeBdu5Ie7OJwinCgQY0bc7GCRxy5xVHy+moaqkpL/jqQq0MtQOeYcrqEz4abc5f0KtU7W4A=="],

    "color-convert": ["color-convert@2.0.1", "", { "dependencies": { "color-name": "~1.1.4" } }, "sha512-RRECPsj7iu/xb5oKYcsFHSppFNnsj/52OVTRKb4zP5onXwVF3zVmmToNcOfGC+CRDpfK/U584fMg38ZHCaElKQ=="],

    "color-name": ["color-name@1.1.4", "", {}, "sha512-dOy+3AuW3a2wNbZHIuMZpTcgjGuLU/uBL/ubcZF9OXbDo8ff4O8yVp5Bf0efS8uEoYo5q4Fx7dY9OgQGXgAsQA=="],

    "color-string": ["color-string@1.9.1", "", { "dependencies": { "color-name": "^1.0.0", "simple-swizzle": "^0.2.2" } }, "sha512-shrVawQFojnZv6xM40anx4CkoDP+fZsw/ZerEMsW/pyzsRbElpsL/DBVW7q3ExxwusdNXI3lXpuhEZkzs8p5Eg=="],

    "confbox": ["confbox@0.2.2", "", {}, "sha512-1NB+BKqhtNipMsov4xI/NnhCKp9XG9NamYp5PVm9klAT0fsrNPjaFICsCFhNhwZJKNh7zB/3q8qXz0E9oaMNtQ=="],

    "consola": ["consola@3.4.2", "", {}, "sha512-5IKcdX0nnYavi6G7TtOhwkYzyjfJlatbjMjuLSfE2kYT5pMDOilZ4OvMhi637CcDICTmz3wARPoyhqyX1Y+XvA=="],

    "cookie": ["cookie@1.0.2", "", {}, "sha512-9Kr/j4O16ISv8zBBhJoi4bXOYNTkFLOqSL3UDB0njXxCXNezjeyVrJyGOWtgfs/q2km1gwBcfH8q1yEGoMYunA=="],

    "csstype": ["csstype@3.1.3", "", {}, "sha512-M1uQkMl8rQK/szD0LNhtqxIPLpimGm8sOBwU7lLnCpSbTyY3yeU1Vc7l4KT5zT4s/yOxHH5O7tIuuLOCnLADRw=="],

    "data-uri-to-buffer": ["data-uri-to-buffer@4.0.1", "", {}, "sha512-0R9ikRb668HB7QDxT1vkpuUBtqc53YyAwMwGeUFKRojY/NWKvdZ+9UYtRfGmhqNbRkTSVpMbmyhXipFFv2cb/A=="],

    "deepmerge-ts": ["deepmerge-ts@7.1.5", "", {}, "sha512-HOJkrhaYsweh+W+e74Yn7YStZOilkoPb6fycpwNLKzSPtruFs48nYis0zy5yJz1+ktUhHxoRDJ27RQAWLIJVJw=="],

    "defu": ["defu@6.1.4", "", {}, "sha512-mEQCMmwJu317oSz8CwdIOdwf3xMif1ttiM8LTufzc3g6kR+9Pe236twL8j3IYT1F7GfRgGcW6MWxzZjLIkuHIg=="],

    "destr": ["destr@2.0.5", "", {}, "sha512-ugFTXCtDZunbzasqBxrK93Ik/DRYsO6S/fedkWEMKqt04xZ4csmnmwGDBAb07QWNaGMAmnTIemsYZCksjATwsA=="],

    "detect-libc": ["detect-libc@2.0.2", "", {}, "sha512-UX6sGumvvqSaXgdKGUsgZWqcUyIXZ/vZTrlRT/iobiKhGL0zL4d3osHj3uqllWJK+i+sixDS/3COVEOFbupFyw=="],

    "discord-api-types": ["discord-api-types@0.38.23", "", {}, "sha512-C8VjK0yxBUq1dakxGpUXQm4VSC7R+aaD2SIr3paj2a0bP/LRok1AqHiezp30GruK6Ba9FtQAKqYUMJPzsqv7IQ=="],

    "dotenv": ["dotenv@16.6.1", "", {}, "sha512-uBq4egWHTcTt33a72vpSG0z3HnPuIl6NqYcTrKEg2azoEyl2hpW0zqlxysq2pK9HlDIHyHyakeYaYnSAwd8bow=="],

    "effect": ["effect@3.16.12", "", { "dependencies": { "@standard-schema/spec": "^1.0.0", "fast-check": "^3.23.1" } }, "sha512-N39iBk0K71F9nb442TLbTkjl24FLUzuvx2i1I2RsEAQsdAdUTuUoW0vlfUXgkMTUOnYqKnWcFfqw4hK4Pw27hg=="],

    "empathic": ["empathic@2.0.0", "", {}, "sha512-i6UzDscO/XfAcNYD75CfICkmfLedpyPDdozrLMmQc5ORaQcdMoc21OnlEylMIqI7U8eniKrPMxxtj8k0vhmJhA=="],

    "error-stack-parser-es": ["error-stack-parser-es@1.0.5", "", {}, "sha512-5qucVt2XcuGMcEGgWI7i+yZpmpByQ8J1lHhcL7PwqCwu9FPP3VUXzT4ltHe5i2z9dePwEHcDVOAfSnHsOlCXRA=="],

    "esbuild": ["esbuild@0.25.4", "", { "optionalDependencies": { "@esbuild/aix-ppc64": "0.25.4", "@esbuild/android-arm": "0.25.4", "@esbuild/android-arm64": "0.25.4", "@esbuild/android-x64": "0.25.4", "@esbuild/darwin-arm64": "0.25.4", "@esbuild/darwin-x64": "0.25.4", "@esbuild/freebsd-arm64": "0.25.4", "@esbuild/freebsd-x64": "0.25.4", "@esbuild/linux-arm": "0.25.4", "@esbuild/linux-arm64": "0.25.4", "@esbuild/linux-ia32": "0.25.4", "@esbuild/linux-loong64": "0.25.4", "@esbuild/linux-mips64el": "0.25.4", "@esbuild/linux-ppc64": "0.25.4", "@esbuild/linux-riscv64": "0.25.4", "@esbuild/linux-s390x": "0.25.4", "@esbuild/linux-x64": "0.25.4", "@esbuild/netbsd-arm64": "0.25.4", "@esbuild/netbsd-x64": "0.25.4", "@esbuild/openbsd-arm64": "0.25.4", "@esbuild/openbsd-x64": "0.25.4", "@esbuild/sunos-x64": "0.25.4", "@esbuild/win32-arm64": "0.25.4", "@esbuild/win32-ia32": "0.25.4", "@esbuild/win32-x64": "0.25.4" }, "bin": { "esbuild": "bin/esbuild" } }, "sha512-8pgjLUcUjcgDg+2Q4NYXnPbo/vncAY4UmyaCm0jZevERqCHZIaWwdJHkf8XQtu4AxSKCdvrUbT0XUr1IdZzI8Q=="],

    "exit-hook": ["exit-hook@2.2.1", "", {}, "sha512-eNTPlAD67BmP31LDINZ3U7HSF8l57TxOY2PmBJ1shpCvpnxBF93mWCE8YHBnXs8qiUZJc9WDcWIeC3a2HIAMfw=="],

    "exsolve": ["exsolve@1.0.7", "", {}, "sha512-VO5fQUzZtI6C+vx4w/4BWJpg3s/5l+6pRQEHzFRM8WFi4XffSP1Z+4qi7GbjWbvRQEbdIco5mIMq+zX4rPuLrw=="],

    "fast-check": ["fast-check@3.23.2", "", { "dependencies": { "pure-rand": "^6.1.0" } }, "sha512-h5+1OzzfCC3Ef7VbtKdcv7zsstUQwUDlYpUTvjeUsJAssPgLn7QzbboPtL5ro04Mq0rPOsMzl7q5hIbRs2wD1A=="],

    "fetch-blob": ["fetch-blob@3.2.0", "", { "dependencies": { "node-domexception": "^1.0.0", "web-streams-polyfill": "^3.0.3" } }, "sha512-7yAQpD2UMJzLi1Dqv7qFYnPbaPx7ZfFK6PiIxQ4PfkGPyNyl2Ugx+a/umUonmKqjhM4DnfbMvdX6otXq83soQQ=="],

    "formdata-polyfill": ["formdata-polyfill@4.0.10", "", { "dependencies": { "fetch-blob": "^3.1.2" } }, "sha512-buewHzMvYL29jdeQTVILecSaZKnt/RJWjoZCF5OW60Z67/GmSLBkOFM7qh1PI3zFNtJbaZL5eQu1vLfazOwj4g=="],

    "fsevents": ["fsevents@2.3.3", "", { "os": "darwin" }, "sha512-5xoDfX+fL7faATnagmWPpbFtwh/R77WmMMqqHGS65C3vvB0YHrgF+B1YmZ3441tMj5n63k0212XNoJwzlhffQw=="],

    "giget": ["giget@2.0.0", "", { "dependencies": { "citty": "^0.1.6", "consola": "^3.4.0", "defu": "^6.1.4", "node-fetch-native": "^1.6.6", "nypm": "^0.6.0", "pathe": "^2.0.3" }, "bin": { "giget": "dist/cli.mjs" } }, "sha512-L5bGsVkxJbJgdnwyuheIunkGatUF/zssUoxxjACCseZYAVbaqdh9Tsmmlkl8vYan09H7sbvKt4pS8GqKLBrEzA=="],

    "glob-to-regexp": ["glob-to-regexp@0.4.1", "", {}, "sha512-lkX1HJXwyMcprw/5YUZc2s7DrpAiHB21/V+E1rHUrVNokkvB6bqMzT0VfV6/86ZNabt1k14YOIaT7nDvOX3Iiw=="],

    "is-arrayish": ["is-arrayish@0.3.2", "", {}, "sha512-eVRqCvVlZbuw3GrM63ovNSNAeA1K16kaR/LRY/92w0zxQ5/1YzwblUX652i4Xs9RwAGjW9d9y6X88t8OaAJfWQ=="],

    "jiti": ["jiti@2.5.1", "", { "bin": { "jiti": "lib/jiti-cli.mjs" } }, "sha512-twQoecYPiVA5K/h6SxtORw/Bs3ar+mLUtoPSc7iMXzQzK8d7eJ/R09wmTwAjiamETn1cXYPGfNnu7DMoHgu12w=="],

    "js-base64": ["js-base64@3.7.8", "", {}, "sha512-hNngCeKxIUQiEUN3GPJOkz4wF/YvdUdbNL9hsBcMQTkKzboD7T/q3OYOuuPZLUE6dBxSGpwhk5mwuDud7JVAow=="],

    "kleur": ["kleur@4.1.5", "", {}, "sha512-o+NO+8WrRiQEE4/7nwRJhN1HWpVmJm511pBHUxPLtp0BUISzlBplORYSmTclCnJvQq2tKu/sgl3xVpkc7ZWuQQ=="],

    "libsql": ["libsql@0.5.22", "", { "dependencies": { "@neon-rs/load": "^0.0.4", "detect-libc": "2.0.2" }, "optionalDependencies": { "@libsql/darwin-arm64": "0.5.22", "@libsql/darwin-x64": "0.5.22", "@libsql/linux-arm-gnueabihf": "0.5.22", "@libsql/linux-arm-musleabihf": "0.5.22", "@libsql/linux-arm64-gnu": "0.5.22", "@libsql/linux-arm64-musl": "0.5.22", "@libsql/linux-x64-gnu": "0.5.22", "@libsql/linux-x64-musl": "0.5.22", "@libsql/win32-x64-msvc": "0.5.22" }, "os": [ "linux", "win32", "darwin", ], "cpu": [ "arm", "x64", "arm64", ] }, "sha512-NscWthMQt7fpU8lqd7LXMvT9pi+KhhmTHAJWUB/Lj6MWa0MKFv0F2V4C6WKKpjCVZl0VwcDz4nOI3CyaT1DDiA=="],

    "magic-bytes.js": ["magic-bytes.js@1.12.1", "", {}, "sha512-ThQLOhN86ZkJ7qemtVRGYM+gRgR8GEXNli9H/PMvpnZsE44Xfh3wx9kGJaldg314v85m+bFW6WBMaVHJc/c3zA=="],

    "mime": ["mime@3.0.0", "", { "bin": { "mime": "cli.js" } }, "sha512-jSCU7/VB1loIWBZe14aEYHU/+1UMEHoaO7qxCOVJOw9GgH72VAWppxNcjU+x9a2k3GSIBXNKxXQFqRvvZ7vr3A=="],

    "miniflare": ["miniflare@4.20250902.0", "", { "dependencies": { "@cspotcode/source-map-support": "0.8.1", "acorn": "8.14.0", "acorn-walk": "8.3.2", "exit-hook": "2.2.1", "glob-to-regexp": "0.4.1", "sharp": "^0.33.5", "stoppable": "1.1.0", "undici": "^7.10.0", "workerd": "1.20250902.0", "ws": "8.18.0", "youch": "4.1.0-beta.10", "zod": "3.22.3" }, "bin": { "miniflare": "bootstrap.js" } }, "sha512-QHjI17yVDxDXsjDvX6GNRySx2uYsQJyiZ2MRBAsA0CFpAI2BcHd4oz0FIjbqgpZK+4Fhm7OKht/AfBNCd234Zg=="],

    "node-domexception": ["node-domexception@1.0.0", "", {}, "sha512-/jKZoMpw0F8GRwl4/eLROPA3cfcXtLApP0QzLmUT/HuPCZWyB7IY9ZrMeKw2O/nFIqPQB3PVM9aYm0F312AXDQ=="],

    "node-fetch": ["node-fetch@3.3.2", "", { "dependencies": { "data-uri-to-buffer": "^4.0.0", "fetch-blob": "^3.1.4", "formdata-polyfill": "^4.0.10" } }, "sha512-dRB78srN/l6gqWulah9SrxeYnxeddIG30+GOqK/9OlLVyLg3HPnr6SqOWTWOXKRwC2eGYCkZ59NNuSgvSrpgOA=="],

    "node-fetch-native": ["node-fetch-native@1.6.7", "", {}, "sha512-g9yhqoedzIUm0nTnTqAQvueMPVOuIY16bqgAJJC8XOOubYFNwz6IER9qs0Gq2Xd0+CecCKFjtdDTMA4u4xG06Q=="],

    "nypm": ["nypm@0.6.1", "", { "dependencies": { "citty": "^0.1.6", "consola": "^3.4.2", "pathe": "^2.0.3", "pkg-types": "^2.2.0", "tinyexec": "^1.0.1" }, "bin": { "nypm": "dist/cli.mjs" } }, "sha512-hlacBiRiv1k9hZFiphPUkfSQ/ZfQzZDzC+8z0wL3lvDAOUu/2NnChkKuMoMjNur/9OpKuz2QsIeiPVN0xM5Q0w=="],

    "ohash": ["ohash@2.0.11", "", {}, "sha512-RdR9FQrFwNBNXAr4GixM8YaRZRJ5PUWbKYbE5eOsrwAjJW0q2REGcf79oYPsLyskQCZG1PLN+S/K1V00joZAoQ=="],

    "path-to-regexp": ["path-to-regexp@6.3.0", "", {}, "sha512-Yhpw4T9C6hPpgPeA28us07OJeqZ5EzQTkbfwuhsUg0c237RomFoETJgmp2sa3F/41gfLE6G5cqcYwznmeEeOlQ=="],

    "pathe": ["pathe@2.0.3", "", {}, "sha512-WUjGcAqP1gQacoQe+OBJsFA7Ld4DyXuUIjZ5cc75cLHvJ7dtNsTugphxIADwspS+AraAUePCKrSVtPLFj/F88w=="],

    "perfect-debounce": ["perfect-debounce@1.0.0", "", {}, "sha512-xCy9V055GLEqoFaHoC1SoLIaLmWctgCUaBaWxDZ7/Zx4CTyX7cJQLJOok/orfjZAh9kEYpjJa4d0KcJmCbctZA=="],

    "pkg-types": ["pkg-types@2.3.0", "", { "dependencies": { "confbox": "^0.2.2", "exsolve": "^1.0.7", "pathe": "^2.0.3" } }, "sha512-SIqCzDRg0s9npO5XQ3tNZioRY1uK06lA41ynBC1YmFTmnY6FjUjVt6s4LoADmwoig1qqD0oK8h1p/8mlMx8Oig=="],

    "prettier": ["prettier@3.6.2", "", { "bin": { "prettier": "bin/prettier.cjs" } }, "sha512-I7AIg5boAr5R0FFtJ6rCfD+LFsWHp81dolrFD8S79U9tb8Az2nGrJncnMSnys+bpQJfRUzqs9hnA81OAA3hCuQ=="],

    "prisma": ["prisma@6.15.0", "", { "dependencies": { "@prisma/config": "6.15.0", "@prisma/engines": "6.15.0" }, "peerDependencies": { "typescript": ">=5.1.0" }, "optionalPeers": ["typescript"], "bin": { "prisma": "build/index.js" } }, "sha512-E6RCgOt+kUVtjtZgLQDBJ6md2tDItLJNExwI0XJeBc1FKL+Vwb+ovxXxuok9r8oBgsOXBA33fGDuE/0qDdCWqQ=="],

    "promise-limit": ["promise-limit@2.7.0", "", {}, "sha512-7nJ6v5lnJsXwGprnGXga4wx6d1POjvi5Qmf1ivTRxTjH4Z/9Czja/UCMLVmB9N93GeWOU93XaFaEt6jbuoagNw=="],

    "pure-rand": ["pure-rand@6.1.0", "", {}, "sha512-bVWawvoZoBYpp6yIoQtQXHZjmz35RSVHnUOTefl8Vcjr8snTPY1wnpSPMWekcFwbxI6gtmT7rSYPFvz71ldiOA=="],

    "rc9": ["rc9@2.1.2", "", { "dependencies": { "defu": "^6.1.4", "destr": "^2.0.3" } }, "sha512-btXCnMmRIBINM2LDZoEmOogIZU7Qe7zn4BpomSKZ/ykbLObuBdvG+mFq11DL6fjH1DRwHhrlgtYWG96bJiC7Cg=="],

    "readdirp": ["readdirp@4.1.2", "", {}, "sha512-GDhwkLfywWL2s6vEjyhri+eXmfH6j1L7JE27WhqLeYzoh/A3DBaYGEj2H/HFZCn/kMfim73FXxEJTw06WtxQwg=="],

    "semver": ["semver@7.7.2", "", { "bin": { "semver": "bin/semver.js" } }, "sha512-RF0Fw+rO5AMf9MAyaRXI4AV0Ulj5lMHqVxxdSgiVbixSCXoEmmX/jk0CuJw4+3SqroYO9VoUh+HcuJivvtJemA=="],

    "sharp": ["sharp@0.33.5", "", { "dependencies": { "color": "^4.2.3", "detect-libc": "^2.0.3", "semver": "^7.6.3" }, "optionalDependencies": { "@img/sharp-darwin-arm64": "0.33.5", "@img/sharp-darwin-x64": "0.33.5", "@img/sharp-libvips-darwin-arm64": "1.0.4", "@img/sharp-libvips-darwin-x64": "1.0.4", "@img/sharp-libvips-linux-arm": "1.0.5", "@img/sharp-libvips-linux-arm64": "1.0.4", "@img/sharp-libvips-linux-s390x": "1.0.4", "@img/sharp-libvips-linux-x64": "1.0.4", "@img/sharp-libvips-linuxmusl-arm64": "1.0.4", "@img/sharp-libvips-linuxmusl-x64": "1.0.4", "@img/sharp-linux-arm": "0.33.5", "@img/sharp-linux-arm64": "0.33.5", "@img/sharp-linux-s390x": "0.33.5", "@img/sharp-linux-x64": "0.33.5", "@img/sharp-linuxmusl-arm64": "0.33.5", "@img/sharp-linuxmusl-x64": "0.33.5", "@img/sharp-wasm32": "0.33.5", "@img/sharp-win32-ia32": "0.33.5", "@img/sharp-win32-x64": "0.33.5" } }, "sha512-haPVm1EkS9pgvHrQ/F3Xy+hgcuMV0Wm9vfIBSiwZ05k+xgb0PkBQpGsAA/oWdDobNaZTH5ppvHtzCFbnSEwHVw=="],

    "simple-swizzle": ["simple-swizzle@0.2.2", "", { "dependencies": { "is-arrayish": "^0.3.1" } }, "sha512-JA//kQgZtbuY83m+xT+tXJkmJncGMTFT+C+g2h2R9uxkYIrE2yy9sgmcLhCnw57/WSD+Eh3J97FPEDFnbXnDUg=="],

    "stoppable": ["stoppable@1.1.0", "", {}, "sha512-KXDYZ9dszj6bzvnEMRYvxgeTHU74QBFL54XKtP3nyMuJ81CFYtABZ3bAzL2EdFUaEwJOBOgENyFj3R7oTzDyyw=="],

    "supports-color": ["supports-color@10.2.0", "", {}, "sha512-5eG9FQjEjDbAlI5+kdpdyPIBMRH4GfTVDGREVupaZHmVoppknhM29b/S9BkQz7cathp85BVgRi/As3Siln7e0Q=="],

    "tinyexec": ["tinyexec@1.0.1", "", {}, "sha512-5uC6DDlmeqiOwCPmK9jMSdOuZTh8bU39Ys6yidB+UTt5hfZUPGAypSgFRiEp+jbi9qH40BLDvy85jIU88wKSqw=="],

    "tslib": ["tslib@2.8.1", "", {}, "sha512-oJFu94HQb+KVduSUQL7wnpmqnfmLsOA/nAh6b6EH0wCEoK0/mPeXU6c3wKDV83MkOuHPRHtSXKKU99IBazS/2w=="],

    "tweetnacl": ["tweetnacl@1.0.3", "", {}, "sha512-6rt+RN7aOi1nGMyC4Xa5DdYiukl2UWCbcJft7YhxReBGQD7OAM8Pbxw6YMo4r2diNEA8FEmu32YOn9rhaiE5yw=="],

    "typescript": ["typescript@5.9.2", "", { "bin": { "tsc": "bin/tsc", "tsserver": "bin/tsserver" } }, "sha512-CWBzXQrc/qOkhidw1OzBTQuYRbfyxDXJMVJ1XNwUHGROVmuaeiEm3OslpZ1RV96d7SKKjZKrSJu3+t/xlw3R9A=="],

    "ufo": ["ufo@1.6.1", "", {}, "sha512-9a4/uxlTWJ4+a5i0ooc1rU7C7YOw3wT+UGqdeNNHWnOF9qcMBgLRS+4IYUqbczewFx4mLEig6gawh7X6mFlEkA=="],

    "undici": ["undici@6.21.3", "", {}, "sha512-gBLkYIlEnSp8pFbT64yFgGE6UIB9tAkhukC23PmMDCe5Nd+cRqKxSjw5y54MK2AZMgZfJWMaNE4nYUHgi1XEOw=="],

    "undici-types": ["undici-types@7.10.0", "", {}, "sha512-t5Fy/nfn+14LuOc2KNYg75vZqClpAiqscVvMygNnlsHBFpSXdJaYtXMcdNLpl/Qvc3P2cB3s6lOV51nqsFq4ag=="],

    "unenv": ["unenv@2.0.0-rc.20", "", { "dependencies": { "defu": "^6.1.4", "exsolve": "^1.0.7", "ohash": "^2.0.11", "pathe": "^2.0.3", "ufo": "^1.6.1" } }, "sha512-8tn4tAl9vD5nWoggAAPz28vf0FY8+pQAayhU94qD+ZkIbVKCBAH/E1MWEEmhb9Whn5EgouYVfBJB20RsTLRDdg=="],

    "web-streams-polyfill": ["web-streams-polyfill@3.3.3", "", {}, "sha512-d2JWLCivmZYTSIoge9MsgFCZrt571BikcWGYkjC1khllbTeDlGqZ2D8vD8E/lJa8WGWbb7Plm8/XJYV7IJHZZw=="],

    "workerd": ["workerd@1.20250902.0", "", { "optionalDependencies": { "@cloudflare/workerd-darwin-64": "1.20250902.0", "@cloudflare/workerd-darwin-arm64": "1.20250902.0", "@cloudflare/workerd-linux-64": "1.20250902.0", "@cloudflare/workerd-linux-arm64": "1.20250902.0", "@cloudflare/workerd-windows-64": "1.20250902.0" }, "bin": { "workerd": "bin/workerd" } }, "sha512-rM+8ARYoy9gWJNPW89ERWyjbp7+m1hu6PFbehiP8FW9Hm5kNVo71lXFrkCP2HSsTP1OLfIU/IwanYOijJ0mQDw=="],

    "wrangler": ["wrangler@4.34.0", "", { "dependencies": { "@cloudflare/kv-asset-handler": "0.4.0", "@cloudflare/unenv-preset": "2.7.2", "blake3-wasm": "2.1.5", "esbuild": "0.25.4", "miniflare": "4.20250902.0", "path-to-regexp": "6.3.0", "unenv": "2.0.0-rc.20", "workerd": "1.20250902.0" }, "optionalDependencies": { "fsevents": "~2.3.2" }, "peerDependencies": { "@cloudflare/workers-types": "^4.20250902.0" }, "optionalPeers": ["@cloudflare/workers-types"], "bin": { "wrangler": "bin/wrangler.js", "wrangler2": "bin/wrangler.js" } }, "sha512-iU+T8klWX6M/oN9y2PG8HrekoHwlBs/7wNMouyRToCJGn5EFtVl98a1fxxPCgkuUNZ2sKLrCyx/TlhgilIlqpQ=="],

    "ws": ["ws@8.18.0", "", { "peerDependencies": { "bufferutil": "^4.0.1", "utf-8-validate": ">=5.0.2" }, "optionalPeers": ["bufferutil", "utf-8-validate"] }, "sha512-8VbfWfHLbbwu3+N6OKsOMpBdT4kXPDDB9cJk2bJ6mh9ucxdlnNvH1e+roYkKmN9Nxw2yjz7VzeO9oOz2zJ04Pw=="],

    "yaml": ["yaml@2.8.1", "", { "bin": { "yaml": "bin.mjs" } }, "sha512-lcYcMxX2PO9XMGvAJkJ3OsNMw+/7FKes7/hgerGUYWIoWu5j/+YQqcZr5JnPZWzOsEBgMbSbiSTn/dv/69Mkpw=="],

    "youch": ["youch@4.1.0-beta.10", "", { "dependencies": { "@poppinss/colors": "^4.1.5", "@poppinss/dumper": "^0.6.4", "@speed-highlight/core": "^1.2.7", "cookie": "^1.0.2", "youch-core": "^0.3.3" } }, "sha512-rLfVLB4FgQneDr0dv1oddCVZmKjcJ6yX6mS4pU82Mq/Dt9a3cLZQ62pDBL4AUO+uVrCvtWz3ZFUL2HFAFJ/BXQ=="],

    "youch-core": ["youch-core@0.3.3", "", { "dependencies": { "@poppinss/exception": "^1.2.2", "error-stack-parser-es": "^1.0.5" } }, "sha512-ho7XuGjLaJ2hWHoK8yFnsUGy2Y5uDpqSTq1FkHLK4/oqKtyUU1AFbOOxY4IpC9f0fTLjwYbslUz0Po5BpD1wrA=="],

    "zod": ["zod@3.22.3", "", {}, "sha512-EjIevzuJRiRPbVH4mGc8nApb/lVLKVpmUhAaR5R5doKGfAnGJ6Gr3CViAVjP+4FWSxCsybeWQdcgCtbX+7oZug=="],

    "@libsql/isomorphic-ws/ws": ["ws@8.18.3", "", { "peerDependencies": { "bufferutil": "^4.0.1", "utf-8-validate": ">=5.0.2" }, "optionalPeers": ["bufferutil", "utf-8-validate"] }, "sha512-PEIGCY5tSlUt50cqyMXfCzX+oOPqN0vuGqWzbcJ2xvnkzkq46oOpz7dQaTDBdfICb4N14+GARUDw2XV2N4tvzg=="],

    "@prisma/adapter-libsql/@libsql/client": ["@libsql/client@0.8.1", "", { "dependencies": { "@libsql/core": "^0.8.1", "@libsql/hrana-client": "^0.6.2", "js-base64": "^3.7.5", "libsql": "^0.3.10", "promise-limit": "^2.7.0" } }, "sha512-xGg0F4iTDFpeBZ0r4pA6icGsYa5rG6RAG+i/iLDnpCAnSuTqEWMDdPlVseiq4Z/91lWI9jvvKKiKpovqJ1kZWA=="],

    "miniflare/undici": ["undici@7.15.0", "", {}, "sha512-7oZJCPvvMvTd0OlqWsIxTuItTpJBpU1tcbVl24FMn3xt3+VSunwUasmfPJRE57oNO1KsZ4PgA1xTdAX4hq8NyQ=="],

    "sharp/detect-libc": ["detect-libc@2.0.4", "", {}, "sha512-3UDv+G9CsCKO1WKMGw9fwq/SWJYbI0c5Y7LU1AXYoDdbhE2AHQ6N6Nb34sG8Fj7T5APy8qXDCKuuIHd1BR0tVA=="],

    "@prisma/adapter-libsql/@libsql/client/@libsql/core": ["@libsql/core@0.8.1", "", { "dependencies": { "js-base64": "^3.7.5" } }, "sha512-u6nrj6HZMTPsgJ9EBhLzO2uhqhlHQJQmVHV+0yFLvfGf3oSP8w7TjZCNUgu1G8jHISx6KFi7bmcrdXW9lRt++A=="],

    "@prisma/adapter-libsql/@libsql/client/@libsql/hrana-client": ["@libsql/hrana-client@0.6.2", "", { "dependencies": { "@libsql/isomorphic-fetch": "^0.2.1", "@libsql/isomorphic-ws": "^0.1.5", "js-base64": "^3.7.5", "node-fetch": "^3.3.2" } }, "sha512-MWxgD7mXLNf9FXXiM0bc90wCjZSpErWKr5mGza7ERy2FJNNMXd7JIOv+DepBA1FQTIfI8TFO4/QDYgaQC0goNw=="],

    "@prisma/adapter-libsql/@libsql/client/libsql": ["libsql@0.3.19", "", { "dependencies": { "@neon-rs/load": "^0.0.4", "detect-libc": "2.0.2", "libsql": "^0.3.15" }, "optionalDependencies": { "@libsql/darwin-arm64": "0.3.19", "@libsql/darwin-x64": "0.3.19", "@libsql/linux-arm64-gnu": "0.3.19", "@libsql/linux-arm64-musl": "0.3.19", "@libsql/linux-x64-gnu": "0.3.19", "@libsql/linux-x64-musl": "0.3.19", "@libsql/win32-x64-msvc": "0.3.19" }, "os": [ "linux", "win32", "darwin", ], "cpu": [ "x64", "arm64", ] }, "sha512-Aj5cQ5uk/6fHdmeW0TiXK42FqUlwx7ytmMLPSaUQPin5HKKKuUPD62MAbN4OEweGBBI7q1BekoEN4gPUEL6MZA=="],

    "@prisma/adapter-libsql/@libsql/client/@libsql/hrana-client/@libsql/isomorphic-fetch": ["@libsql/isomorphic-fetch@0.2.5", "", {}, "sha512-8s/B2TClEHms2yb+JGpsVRTPBfy1ih/Pq6h6gvyaNcYnMVJvgQRY7wAa8U2nD0dppbCuDU5evTNMEhrQ17ZKKg=="],

    "@prisma/adapter-libsql/@libsql/client/libsql/@libsql/darwin-arm64": ["@libsql/darwin-arm64@0.3.19", "", { "os": "darwin", "cpu": "arm64" }, "sha512-rmOqsLcDI65zzxlUOoEiPJLhqmbFsZF6p4UJQ2kMqB+Kc0Rt5/A1OAdOZ/Wo8fQfJWjR1IbkbpEINFioyKf+nQ=="],

    "@prisma/adapter-libsql/@libsql/client/libsql/@libsql/darwin-x64": ["@libsql/darwin-x64@0.3.19", "", { "os": "darwin", "cpu": "x64" }, "sha512-q9O55B646zU+644SMmOQL3FIfpmEvdWpRpzubwFc2trsa+zoBlSkHuzU9v/C+UNoPHQVRMP7KQctJ455I/h/xw=="],

    "@prisma/adapter-libsql/@libsql/client/libsql/@libsql/linux-arm64-gnu": ["@libsql/linux-arm64-gnu@0.3.19", "", { "os": "linux", "cpu": "arm64" }, "sha512-mgeAUU1oqqh57k7I3cQyU6Trpdsdt607eFyEmH5QO7dv303ti+LjUvh1pp21QWV6WX7wZyjeJV1/VzEImB+jRg=="],

    "@prisma/adapter-libsql/@libsql/client/libsql/@libsql/linux-arm64-musl": ["@libsql/linux-arm64-musl@0.3.19", "", { "os": "linux", "cpu": "arm64" }, "sha512-VEZtxghyK6zwGzU9PHohvNxthruSxBEnRrX7BSL5jQ62tN4n2JNepJ6SdzXp70pdzTfwroOj/eMwiPt94gkVRg=="],

    "@prisma/adapter-libsql/@libsql/client/libsql/@libsql/linux-x64-gnu": ["@libsql/linux-x64-gnu@0.3.19", "", { "os": "linux", "cpu": "x64" }, "sha512-2t/J7LD5w2f63wGihEO+0GxfTyYIyLGEvTFEsMO16XI5o7IS9vcSHrxsvAJs4w2Pf907uDjmc7fUfMg6L82BrQ=="],

    "@prisma/adapter-libsql/@libsql/client/libsql/@libsql/linux-x64-musl": ["@libsql/linux-x64-musl@0.3.19", "", { "os": "linux", "cpu": "x64" }, "sha512-BLsXyJaL8gZD8+3W2LU08lDEd9MIgGds0yPy5iNPp8tfhXx3pV/Fge2GErN0FC+nzt4DYQtjL+A9GUMglQefXQ=="],

    "@prisma/adapter-libsql/@libsql/client/libsql/@libsql/win32-x64-msvc": ["@libsql/win32-x64-msvc@0.3.19", "", { "os": "win32", "cpu": "x64" }, "sha512-ay1X9AobE4BpzG0XPw1gplyLZPGHIgJOovvW23gUrukRegiUP62uzhpRbKNogLlUOynyXeq//prHgPXiebUfWg=="],
  }
}
